
Microsoft Visual Studio Solution File, Format Version 12.00
# Visual Studio Version 16
VisualStudioVersion = 16.0.35706.149
MinimumVisualStudioVersion = 10.0.40219.1
Project("{FAE04EC0-301F-11D3-BF4B-00C04F79EFBC}") = "CoolSprings.API", "CoolSprings.API\CoolSprings.API.csproj", "{7C5F32E1-7CA6-4EFA-AD7A-07EC2ACB789C}"
EndProject
Global
	GlobalSection(SolutionConfigurationPlatforms) = preSolution
		Debug|Any CPU = Debug|Any CPU
		Release|Any CPU = Release|Any CPU
	EndGlobalSection
	GlobalSection(ProjectConfigurationPlatforms) = postSolution
		{7C5F32E1-7CA6-4EFA-AD7A-07EC2ACB789C}.Debug|Any CPU.ActiveCfg = Debug|Any CPU
		{7C5F32E1-7CA6-4EFA-AD7A-07EC2ACB789C}.Debug|Any CPU.Build.0 = Debug|Any CPU
		{7C5F32E1-7CA6-4EFA-AD7A-07EC2ACB789C}.Release|Any CPU.ActiveCfg = Release|Any CPU
		{7C5F32E1-7CA6-4EFA-AD7A-07EC2ACB789C}.Release|Any CPU.Build.0 = Release|Any CPU
	EndGlobalSection
	GlobalSection(SolutionProperties) = preSolution
		HideSolutionNode = FALSE
	EndGlobalSection
	GlobalSection(ExtensibilityGlobals) = postSolution
		SolutionGuid = {D7C9B7C2-8B4E-476A-A611-9B518DDF40E1}
	EndGlobalSection
EndGlobal
